
Microsoft Visual Studio Solution File, Format Version 12.00
# Visual Studio Version 16
VisualStudioVersion = 16.0.31702.278
MinimumVisualStudioVersion = 10.0.40219.1
Project("{9A19103F-16F7-4668-BE54-9A1E7A4F7556}") = "serverTCP", "serverTCP\serverTCP.csproj", "{86004AB3-2601-412C-9594-8CC8F2230AC9}"
EndProject
Project("{9A19103F-16F7-4668-BE54-9A1E7A4F7556}") = "clientTCP", "clientTCP\clientTCP.csproj", "{A8AB9B09-6D98-438A-B5EA-116CA5F62963}"
EndProject
Project("{FAE04EC0-301F-11D3-BF4B-00C04F79EFBC}") = "TestProjectForSerber", "TestProjectForSerber\TestProjectForSerber.csproj", "{C80C93E6-CF75-4B36-A684-4607C72D3619}"
EndProject
Global
	GlobalSection(SolutionConfigurationPlatforms) = preSolution
		Debug|Any CPU = Debug|Any CPU
		Release|Any CPU = Release|Any CPU
	EndGlobalSection
	GlobalSection(ProjectConfigurationPlatforms) = postSolution
		{86004AB3-2601-412C-9594-8CC8F2230AC9}.Debug|Any CPU.ActiveCfg = Debug|Any CPU
		{86004AB3-2601-412C-9594-8CC8F2230AC9}.Debug|Any CPU.Build.0 = Debug|Any CPU
		{86004AB3-2601-412C-9594-8CC8F2230AC9}.Release|Any CPU.ActiveCfg = Release|Any CPU
		{86004AB3-2601-412C-9594-8CC8F2230AC9}.Release|Any CPU.Build.0 = Release|Any CPU
		{A8AB9B09-6D98-438A-B5EA-116CA5F62963}.Debug|Any CPU.ActiveCfg = Debug|Any CPU
		{A8AB9B09-6D98-438A-B5EA-116CA5F62963}.Debug|Any CPU.Build.0 = Debug|Any CPU
		{A8AB9B09-6D98-438A-B5EA-116CA5F62963}.Release|Any CPU.ActiveCfg = Release|Any CPU
		{A8AB9B09-6D98-438A-B5EA-116CA5F62963}.Release|Any CPU.Build.0 = Release|Any CPU
		{C80C93E6-CF75-4B36-A684-4607C72D3619}.Debug|Any CPU.ActiveCfg = Debug|Any CPU
		{C80C93E6-CF75-4B36-A684-4607C72D3619}.Debug|Any CPU.Build.0 = Debug|Any CPU
		{C80C93E6-CF75-4B36-A684-4607C72D3619}.Release|Any CPU.ActiveCfg = Release|Any CPU
		{C80C93E6-CF75-4B36-A684-4607C72D3619}.Release|Any CPU.Build.0 = Release|Any CPU
	EndGlobalSection
	GlobalSection(SolutionProperties) = preSolution
		HideSolutionNode = FALSE
	EndGlobalSection
	GlobalSection(ExtensibilityGlobals) = postSolution
		SolutionGuid = {DD63D8AC-1C56-4F0B-937A-D9A986CC8A23}
	EndGlobalSection
EndGlobal
